
Microsoft Visual Studio Solution File, Format Version 12.00
# Visual Studio 15
VisualStudioVersion = 15.0.28307.852
MinimumVisualStudioVersion = 10.0.40219.1
Project("{9A19103F-16F7-4668-BE54-9A1E7A4F7556}") = "SGA", "SGA\SGA.csproj", "{BBBE0CDE-9AE7-4AAE-8A9D-C6CF7E605A67}"
EndProject
Project("{9A19103F-16F7-4668-BE54-9A1E7A4F7556}") = "Services", "Services\Services.csproj", "{EE3F2521-2105-4CD9-BDE9-C9E46FB43AE2}"
EndProject
Project("{9A19103F-16F7-4668-BE54-9A1E7A4F7556}") = "Repository", "Repository\Repository.csproj", "{78FF9BA6-EFBC-490A-BDEB-8CD15B800D21}"
EndProject
Project("{9A19103F-16F7-4668-BE54-9A1E7A4F7556}") = "Common", "Common\Common.csproj", "{3D80B1B6-E625-4446-BE6E-F710EAB344A9}"
EndProject
Project("{9A19103F-16F7-4668-BE54-9A1E7A4F7556}") = "Model", "Models\Model.csproj", "{7F45D178-C421-46C5-89E3-479E4B3F5E15}"
EndProject
Project("{00D1A9C2-B5F0-4AF3-8072-F6C62B433612}") = "SGAdb", "SGAdb\SGAdb.sqlproj", "{0EB9DD12-4069-4496-9E0D-FFDCDE1109DB}"
EndProject
Global
	GlobalSection(SolutionConfigurationPlatforms) = preSolution
		Debug|Any CPU = Debug|Any CPU
		Release|Any CPU = Release|Any CPU
	EndGlobalSection
	GlobalSection(ProjectConfigurationPlatforms) = postSolution
		{BBBE0CDE-9AE7-4AAE-8A9D-C6CF7E605A67}.Debug|Any CPU.ActiveCfg = Debug|Any CPU
		{BBBE0CDE-9AE7-4AAE-8A9D-C6CF7E605A67}.Debug|Any CPU.Build.0 = Debug|Any CPU
		{BBBE0CDE-9AE7-4AAE-8A9D-C6CF7E605A67}.Release|Any CPU.ActiveCfg = Release|Any CPU
		{BBBE0CDE-9AE7-4AAE-8A9D-C6CF7E605A67}.Release|Any CPU.Build.0 = Release|Any CPU
		{EE3F2521-2105-4CD9-BDE9-C9E46FB43AE2}.Debug|Any CPU.ActiveCfg = Debug|Any CPU
		{EE3F2521-2105-4CD9-BDE9-C9E46FB43AE2}.Debug|Any CPU.Build.0 = Debug|Any CPU
		{EE3F2521-2105-4CD9-BDE9-C9E46FB43AE2}.Release|Any CPU.ActiveCfg = Release|Any CPU
		{EE3F2521-2105-4CD9-BDE9-C9E46FB43AE2}.Release|Any CPU.Build.0 = Release|Any CPU
		{78FF9BA6-EFBC-490A-BDEB-8CD15B800D21}.Debug|Any CPU.ActiveCfg = Debug|Any CPU
		{78FF9BA6-EFBC-490A-BDEB-8CD15B800D21}.Debug|Any CPU.Build.0 = Debug|Any CPU
		{78FF9BA6-EFBC-490A-BDEB-8CD15B800D21}.Release|Any CPU.ActiveCfg = Release|Any CPU
		{78FF9BA6-EFBC-490A-BDEB-8CD15B800D21}.Release|Any CPU.Build.0 = Release|Any CPU
		{3D80B1B6-E625-4446-BE6E-F710EAB344A9}.Debug|Any CPU.ActiveCfg = Debug|Any CPU
		{3D80B1B6-E625-4446-BE6E-F710EAB344A9}.Debug|Any CPU.Build.0 = Debug|Any CPU
		{3D80B1B6-E625-4446-BE6E-F710EAB344A9}.Release|Any CPU.ActiveCfg = Release|Any CPU
		{3D80B1B6-E625-4446-BE6E-F710EAB344A9}.Release|Any CPU.Build.0 = Release|Any CPU
		{7F45D178-C421-46C5-89E3-479E4B3F5E15}.Debug|Any CPU.ActiveCfg = Debug|Any CPU
		{7F45D178-C421-46C5-89E3-479E4B3F5E15}.Debug|Any CPU.Build.0 = Debug|Any CPU
		{7F45D178-C421-46C5-89E3-479E4B3F5E15}.Release|Any CPU.ActiveCfg = Release|Any CPU
		{7F45D178-C421-46C5-89E3-479E4B3F5E15}.Release|Any CPU.Build.0 = Release|Any CPU
		{0EB9DD12-4069-4496-9E0D-FFDCDE1109DB}.Debug|Any CPU.ActiveCfg = Debug|Any CPU
		{0EB9DD12-4069-4496-9E0D-FFDCDE1109DB}.Debug|Any CPU.Build.0 = Debug|Any CPU
		{0EB9DD12-4069-4496-9E0D-FFDCDE1109DB}.Debug|Any CPU.Deploy.0 = Debug|Any CPU
		{0EB9DD12-4069-4496-9E0D-FFDCDE1109DB}.Release|Any CPU.ActiveCfg = Release|Any CPU
		{0EB9DD12-4069-4496-9E0D-FFDCDE1109DB}.Release|Any CPU.Build.0 = Release|Any CPU
		{0EB9DD12-4069-4496-9E0D-FFDCDE1109DB}.Release|Any CPU.Deploy.0 = Release|Any CPU
	EndGlobalSection
	GlobalSection(SolutionProperties) = preSolution
		HideSolutionNode = FALSE
	EndGlobalSection
	GlobalSection(ExtensibilityGlobals) = postSolution
		SolutionGuid = {83A674EA-907E-4A57-B285-E7C4D3058F23}
	EndGlobalSection
EndGlobal
